
Microsoft Visual Studio Solution File, Format Version 12.00
# Visual Studio 15
VisualStudioVersion = 15.0.28307.168
MinimumVisualStudioVersion = 10.0.40219.1
Project("{FAE04EC0-301F-11D3-BF4B-00C04F79EFBC}") = "pro_2", "pro_2\pro_2.csproj", "{6D650A4C-DA96-47E2-A4FB-5B1AAF90B285}"
EndProject
Global
	GlobalSection(SolutionConfigurationPlatforms) = preSolution
		Debug|Any CPU = Debug|Any CPU
		Release|Any CPU = Release|Any CPU
	EndGlobalSection
	GlobalSection(ProjectConfigurationPlatforms) = postSolution
		{6D650A4C-DA96-47E2-A4FB-5B1AAF90B285}.Debug|Any CPU.ActiveCfg = Debug|Any CPU
		{6D650A4C-DA96-47E2-A4FB-5B1AAF90B285}.Debug|Any CPU.Build.0 = Debug|Any CPU
		{6D650A4C-DA96-47E2-A4FB-5B1AAF90B285}.Release|Any CPU.ActiveCfg = Release|Any CPU
		{6D650A4C-DA96-47E2-A4FB-5B1AAF90B285}.Release|Any CPU.Build.0 = Release|Any CPU
	EndGlobalSection
	GlobalSection(SolutionProperties) = preSolution
		HideSolutionNode = FALSE
	EndGlobalSection
	GlobalSection(ExtensibilityGlobals) = postSolution
		SolutionGuid = {B4C8DF60-C3D3-415F-A74A-7083DF08665D}
	EndGlobalSection
EndGlobal
