
Microsoft Visual Studio Solution File, Format Version 12.00
# Visual Studio 15
VisualStudioVersion = 15.0.28307.168
MinimumVisualStudioVersion = 10.0.40219.1
Project("{E24C65DC-7377-472B-9ABA-BC803B73C61A}") = "project_2", "..\", "{85AE1FEE-5966-4350-AA53-692577D426FC}"
	ProjectSection(WebsiteProperties) = preProject
		TargetFrameworkMoniker = ".NETFramework,Version%3Dv4.0"
		Debug.AspNetCompiler.VirtualPath = "/localhost_57680"
		Debug.AspNetCompiler.PhysicalPath = "E:\project_2\"
		Debug.AspNetCompiler.TargetPath = "PrecompiledWeb\localhost_57680\"
		Debug.AspNetCompiler.Updateable = "true"
		Debug.AspNetCompiler.ForceOverwrite = "true"
		Debug.AspNetCompiler.FixedNames = "false"
		Debug.AspNetCompiler.Debug = "True"
		Release.AspNetCompiler.VirtualPath = "/localhost_57680"
		Release.AspNetCompiler.PhysicalPath = "E:\project_2\"
		Release.AspNetCompiler.TargetPath = "PrecompiledWeb\localhost_57680\"
		Release.AspNetCompiler.Updateable = "true"
		Release.AspNetCompiler.ForceOverwrite = "true"
		Release.AspNetCompiler.FixedNames = "false"
		Release.AspNetCompiler.Debug = "False"
		VWDPort = "57680"
	EndProjectSection
EndProject
Global
	GlobalSection(SolutionConfigurationPlatforms) = preSolution
		Debug|Any CPU = Debug|Any CPU
	EndGlobalSection
	GlobalSection(ProjectConfigurationPlatforms) = postSolution
		{85AE1FEE-5966-4350-AA53-692577D426FC}.Debug|Any CPU.ActiveCfg = Debug|Any CPU
		{85AE1FEE-5966-4350-AA53-692577D426FC}.Debug|Any CPU.Build.0 = Debug|Any CPU
	EndGlobalSection
	GlobalSection(SolutionProperties) = preSolution
		HideSolutionNode = FALSE
	EndGlobalSection
	GlobalSection(ExtensibilityGlobals) = postSolution
		SolutionGuid = {4702ED08-BA85-42F7-8A83-4FEB16CFD836}
	EndGlobalSection
EndGlobal
